
Microsoft Visual Studio Solution File, Format Version 12.00
# Visual Studio Version 16
VisualStudioVersion = 16.0.29403.142
MinimumVisualStudioVersion = 10.0.40219.1
Project("{FAE04EC0-301F-11D3-BF4B-00C04F79EFBC}") = "TextAdventurer", "TextAdventurer\TextAdventurer.csproj", "{BCDD013D-8B7E-4340-8855-BD120842FB36}"
EndProject
Global
	GlobalSection(SolutionConfigurationPlatforms) = preSolution
		Debug|Any CPU = Debug|Any CPU
		Release|Any CPU = Release|Any CPU
	EndGlobalSection
	GlobalSection(ProjectConfigurationPlatforms) = postSolution
		{BCDD013D-8B7E-4340-8855-BD120842FB36}.Debug|Any CPU.ActiveCfg = Debug|Any CPU
		{BCDD013D-8B7E-4340-8855-BD120842FB36}.Debug|Any CPU.Build.0 = Debug|Any CPU
		{BCDD013D-8B7E-4340-8855-BD120842FB36}.Release|Any CPU.ActiveCfg = Release|Any CPU
		{BCDD013D-8B7E-4340-8855-BD120842FB36}.Release|Any CPU.Build.0 = Release|Any CPU
	EndGlobalSection
	GlobalSection(SolutionProperties) = preSolution
		HideSolutionNode = FALSE
	EndGlobalSection
	GlobalSection(ExtensibilityGlobals) = postSolution
		SolutionGuid = {FF3927C0-8502-41FF-AF1C-CE8E82CA5821}
	EndGlobalSection
EndGlobal
